
Microsoft Visual Studio Solution File, Format Version 12.00
# Visual Studio Version 17
VisualStudioVersion = 17.14.36310.24
MinimumVisualStudioVersion = 10.0.40219.1
Project("{2150E333-8FDC-42A3-9474-1A3956D46DE8}") = "1_ThreadStart", "1_ThreadStart", "{02EA681E-C7D8-13C7-8484-4AC65E1B71E8}"
EndProject
Project("{FAE04EC0-301F-11D3-BF4B-00C04F79EFBC}") = "1_ThreadStart", "ThreadStart\1_ThreadStart\1_ThreadStart.csproj", "{D2E0F52A-281D-6D6D-48A3-677D3AB2AFF0}"
EndProject
Project("{FAE04EC0-301F-11D3-BF4B-00C04F79EFBC}") = "2_ThreadStart", "ThreadStart\2_ThreadStart\2_ThreadStart.csproj", "{00F0F200-3A7C-ECC7-D92E-3EC058BE39C4}"
EndProject
Project("{FAE04EC0-301F-11D3-BF4B-00C04F79EFBC}") = "3_ThreadStart", "ThreadStart\3_ThreadStart\3_ThreadStart.csproj", "{0AFC9858-A095-5527-B59A-D26A22A41AE7}"
EndProject
Project("{FAE04EC0-301F-11D3-BF4B-00C04F79EFBC}") = "4_ThreadStart", "ThreadStart\4_ThreadStart\4_ThreadStart.csproj", "{891AEA40-2572-56F1-38CF-EBD3FC977899}"
EndProject
Project("{FAE04EC0-301F-11D3-BF4B-00C04F79EFBC}") = "5_ThreadStart", "ThreadStart\5_ThreadStart\5_ThreadStart.csproj", "{873C5BAF-5A0E-33A1-FA1D-D18D766D744C}"
EndProject
Project("{2150E333-8FDC-42A3-9474-1A3956D46DE8}") = "2_ParameterizedThreadStart", "2_ParameterizedThreadStart", "{949A9CCB-AD47-498B-96FC-402486AEB5B3}"
EndProject
Global
	GlobalSection(SolutionConfigurationPlatforms) = preSolution
		Debug|Any CPU = Debug|Any CPU
		Release|Any CPU = Release|Any CPU
	EndGlobalSection
	GlobalSection(ProjectConfigurationPlatforms) = postSolution
		{D2E0F52A-281D-6D6D-48A3-677D3AB2AFF0}.Debug|Any CPU.ActiveCfg = Debug|Any CPU
		{D2E0F52A-281D-6D6D-48A3-677D3AB2AFF0}.Debug|Any CPU.Build.0 = Debug|Any CPU
		{D2E0F52A-281D-6D6D-48A3-677D3AB2AFF0}.Release|Any CPU.ActiveCfg = Release|Any CPU
		{D2E0F52A-281D-6D6D-48A3-677D3AB2AFF0}.Release|Any CPU.Build.0 = Release|Any CPU
		{00F0F200-3A7C-ECC7-D92E-3EC058BE39C4}.Debug|Any CPU.ActiveCfg = Debug|Any CPU
		{00F0F200-3A7C-ECC7-D92E-3EC058BE39C4}.Debug|Any CPU.Build.0 = Debug|Any CPU
		{00F0F200-3A7C-ECC7-D92E-3EC058BE39C4}.Release|Any CPU.ActiveCfg = Release|Any CPU
		{00F0F200-3A7C-ECC7-D92E-3EC058BE39C4}.Release|Any CPU.Build.0 = Release|Any CPU
		{0AFC9858-A095-5527-B59A-D26A22A41AE7}.Debug|Any CPU.ActiveCfg = Debug|Any CPU
		{0AFC9858-A095-5527-B59A-D26A22A41AE7}.Debug|Any CPU.Build.0 = Debug|Any CPU
		{0AFC9858-A095-5527-B59A-D26A22A41AE7}.Release|Any CPU.ActiveCfg = Release|Any CPU
		{0AFC9858-A095-5527-B59A-D26A22A41AE7}.Release|Any CPU.Build.0 = Release|Any CPU
		{891AEA40-2572-56F1-38CF-EBD3FC977899}.Debug|Any CPU.ActiveCfg = Debug|Any CPU
		{891AEA40-2572-56F1-38CF-EBD3FC977899}.Debug|Any CPU.Build.0 = Debug|Any CPU
		{891AEA40-2572-56F1-38CF-EBD3FC977899}.Release|Any CPU.ActiveCfg = Release|Any CPU
		{891AEA40-2572-56F1-38CF-EBD3FC977899}.Release|Any CPU.Build.0 = Release|Any CPU
		{873C5BAF-5A0E-33A1-FA1D-D18D766D744C}.Debug|Any CPU.ActiveCfg = Debug|Any CPU
		{873C5BAF-5A0E-33A1-FA1D-D18D766D744C}.Debug|Any CPU.Build.0 = Debug|Any CPU
		{873C5BAF-5A0E-33A1-FA1D-D18D766D744C}.Release|Any CPU.ActiveCfg = Release|Any CPU
		{873C5BAF-5A0E-33A1-FA1D-D18D766D744C}.Release|Any CPU.Build.0 = Release|Any CPU
	EndGlobalSection
	GlobalSection(SolutionProperties) = preSolution
		HideSolutionNode = FALSE
	EndGlobalSection
	GlobalSection(NestedProjects) = preSolution
		{D2E0F52A-281D-6D6D-48A3-677D3AB2AFF0} = {02EA681E-C7D8-13C7-8484-4AC65E1B71E8}
		{00F0F200-3A7C-ECC7-D92E-3EC058BE39C4} = {02EA681E-C7D8-13C7-8484-4AC65E1B71E8}
		{0AFC9858-A095-5527-B59A-D26A22A41AE7} = {02EA681E-C7D8-13C7-8484-4AC65E1B71E8}
		{891AEA40-2572-56F1-38CF-EBD3FC977899} = {02EA681E-C7D8-13C7-8484-4AC65E1B71E8}
		{873C5BAF-5A0E-33A1-FA1D-D18D766D744C} = {02EA681E-C7D8-13C7-8484-4AC65E1B71E8}
	EndGlobalSection
	GlobalSection(ExtensibilityGlobals) = postSolution
		SolutionGuid = {CBE7B2DD-A6B5-474B-82F3-58DC52412240}
	EndGlobalSection
EndGlobal
