
Microsoft Visual Studio Solution File, Format Version 12.00
# Visual Studio Version 17
VisualStudioVersion = 17.14.36310.24
MinimumVisualStudioVersion = 10.0.40219.1
Project("{2150E333-8FDC-42A3-9474-1A3956D46DE8}") = "1_ThreadStart", "1_ThreadStart", "{02EA681E-C7D8-13C7-8484-4AC65E1B71E8}"
EndProject
Project("{2150E333-8FDC-42A3-9474-1A3956D46DE8}") = "2_ParameterizedThreadStart", "2_ParameterizedThreadStart", "{949A9CCB-AD47-498B-96FC-402486AEB5B3}"
EndProject
Project("{FAE04EC0-301F-11D3-BF4B-00C04F79EFBC}") = "1_ParameterizedThreadStart", "2_ParameterizedThreadStart\1_ParameterizedThreadStart\1_ParameterizedThreadStart.csproj", "{192E0D80-1253-4267-8116-3B7BC7176094}"
EndProject
Project("{FAE04EC0-301F-11D3-BF4B-00C04F79EFBC}") = "1_ThreadStart", "1_ThreadStart\1_ThreadStart\1_ThreadStart.csproj", "{FCF4B681-B0AA-CD7A-3663-06F62256AB9D}"
EndProject
Project("{FAE04EC0-301F-11D3-BF4B-00C04F79EFBC}") = "2_ThreadStart", "1_ThreadStart\2_ThreadStart\2_ThreadStart.csproj", "{21AB6A31-A029-7658-37B5-01ABAA7D64D4}"
EndProject
Project("{FAE04EC0-301F-11D3-BF4B-00C04F79EFBC}") = "3_ThreadStart", "1_ThreadStart\3_ThreadStart\3_ThreadStart.csproj", "{8604A29C-F48C-6D78-5EB9-76E283CA84F6}"
EndProject
Project("{FAE04EC0-301F-11D3-BF4B-00C04F79EFBC}") = "4_ThreadStart", "1_ThreadStart\4_ThreadStart\4_ThreadStart.csproj", "{28941209-7194-1EC5-14F0-BA10C37D8979}"
EndProject
Project("{FAE04EC0-301F-11D3-BF4B-00C04F79EFBC}") = "5_ThreadStart", "1_ThreadStart\5_ThreadStart\5_ThreadStart.csproj", "{520E4C1F-9631-7289-6814-E150326623D2}"
EndProject
Project("{FAE04EC0-301F-11D3-BF4B-00C04F79EFBC}") = "2_ParameterizedThreadStart", "2_ParameterizedThreadStart\2_ParameterizedThreadStart\2_ParameterizedThreadStart.csproj", "{8549F4E5-416F-4454-B13A-A85E68E866BC}"
EndProject
Project("{FAE04EC0-301F-11D3-BF4B-00C04F79EFBC}") = "3_ParameterizedThreadStart", "2_ParameterizedThreadStart\3_ParameterizedThreadStart\3_ParameterizedThreadStart.csproj", "{6414E2CF-1764-4C11-83ED-352812B0DDF1}"
EndProject
Project("{FAE04EC0-301F-11D3-BF4B-00C04F79EFBC}") = "4_ParameterizedThreadStart", "2_ParameterizedThreadStart\4_ParameterizedThreadStart\4_ParameterizedThreadStart.csproj", "{BBC98563-A726-4FC8-93C4-7B7206099F70}"
EndProject
Project("{2150E333-8FDC-42A3-9474-1A3956D46DE8}") = "3_ThreadsNaming", "3_ThreadsNaming", "{00F96BA8-5930-417D-B640-51C6993189A3}"
EndProject
Project("{FAE04EC0-301F-11D3-BF4B-00C04F79EFBC}") = "1_ThreadsNaming", "3_ThreadsNaming\1_ThreadsNaming\1_ThreadsNaming.csproj", "{FDD5EAFE-A622-4B64-8371-D0F49944F4F4}"
EndProject
Project("{2150E333-8FDC-42A3-9474-1A3956D46DE8}") = "4_BackgroundThreads", "4_BackgroundThreads", "{B3C353BB-E8C5-49E6-B091-8A617CBD8D77}"
EndProject
Project("{FAE04EC0-301F-11D3-BF4B-00C04F79EFBC}") = "1_BackgroundThreads", "4_BackgroundThreads\1_BackgroundThreads\1_BackgroundThreads.csproj", "{04FE9026-1917-4888-92DB-F0CA826435C3}"
EndProject
Global
	GlobalSection(SolutionConfigurationPlatforms) = preSolution
		Debug|Any CPU = Debug|Any CPU
		Release|Any CPU = Release|Any CPU
	EndGlobalSection
	GlobalSection(ProjectConfigurationPlatforms) = postSolution
		{192E0D80-1253-4267-8116-3B7BC7176094}.Debug|Any CPU.ActiveCfg = Debug|Any CPU
		{192E0D80-1253-4267-8116-3B7BC7176094}.Debug|Any CPU.Build.0 = Debug|Any CPU
		{192E0D80-1253-4267-8116-3B7BC7176094}.Release|Any CPU.ActiveCfg = Release|Any CPU
		{192E0D80-1253-4267-8116-3B7BC7176094}.Release|Any CPU.Build.0 = Release|Any CPU
		{FCF4B681-B0AA-CD7A-3663-06F62256AB9D}.Debug|Any CPU.ActiveCfg = Debug|Any CPU
		{FCF4B681-B0AA-CD7A-3663-06F62256AB9D}.Debug|Any CPU.Build.0 = Debug|Any CPU
		{FCF4B681-B0AA-CD7A-3663-06F62256AB9D}.Release|Any CPU.ActiveCfg = Release|Any CPU
		{FCF4B681-B0AA-CD7A-3663-06F62256AB9D}.Release|Any CPU.Build.0 = Release|Any CPU
		{21AB6A31-A029-7658-37B5-01ABAA7D64D4}.Debug|Any CPU.ActiveCfg = Debug|Any CPU
		{21AB6A31-A029-7658-37B5-01ABAA7D64D4}.Debug|Any CPU.Build.0 = Debug|Any CPU
		{21AB6A31-A029-7658-37B5-01ABAA7D64D4}.Release|Any CPU.ActiveCfg = Release|Any CPU
		{21AB6A31-A029-7658-37B5-01ABAA7D64D4}.Release|Any CPU.Build.0 = Release|Any CPU
		{8604A29C-F48C-6D78-5EB9-76E283CA84F6}.Debug|Any CPU.ActiveCfg = Debug|Any CPU
		{8604A29C-F48C-6D78-5EB9-76E283CA84F6}.Debug|Any CPU.Build.0 = Debug|Any CPU
		{8604A29C-F48C-6D78-5EB9-76E283CA84F6}.Release|Any CPU.ActiveCfg = Release|Any CPU
		{8604A29C-F48C-6D78-5EB9-76E283CA84F6}.Release|Any CPU.Build.0 = Release|Any CPU
		{28941209-7194-1EC5-14F0-BA10C37D8979}.Debug|Any CPU.ActiveCfg = Debug|Any CPU
		{28941209-7194-1EC5-14F0-BA10C37D8979}.Debug|Any CPU.Build.0 = Debug|Any CPU
		{28941209-7194-1EC5-14F0-BA10C37D8979}.Release|Any CPU.ActiveCfg = Release|Any CPU
		{28941209-7194-1EC5-14F0-BA10C37D8979}.Release|Any CPU.Build.0 = Release|Any CPU
		{520E4C1F-9631-7289-6814-E150326623D2}.Debug|Any CPU.ActiveCfg = Debug|Any CPU
		{520E4C1F-9631-7289-6814-E150326623D2}.Debug|Any CPU.Build.0 = Debug|Any CPU
		{520E4C1F-9631-7289-6814-E150326623D2}.Release|Any CPU.ActiveCfg = Release|Any CPU
		{520E4C1F-9631-7289-6814-E150326623D2}.Release|Any CPU.Build.0 = Release|Any CPU
		{8549F4E5-416F-4454-B13A-A85E68E866BC}.Debug|Any CPU.ActiveCfg = Debug|Any CPU
		{8549F4E5-416F-4454-B13A-A85E68E866BC}.Debug|Any CPU.Build.0 = Debug|Any CPU
		{8549F4E5-416F-4454-B13A-A85E68E866BC}.Release|Any CPU.ActiveCfg = Release|Any CPU
		{8549F4E5-416F-4454-B13A-A85E68E866BC}.Release|Any CPU.Build.0 = Release|Any CPU
		{6414E2CF-1764-4C11-83ED-352812B0DDF1}.Debug|Any CPU.ActiveCfg = Debug|Any CPU
		{6414E2CF-1764-4C11-83ED-352812B0DDF1}.Debug|Any CPU.Build.0 = Debug|Any CPU
		{6414E2CF-1764-4C11-83ED-352812B0DDF1}.Release|Any CPU.ActiveCfg = Release|Any CPU
		{6414E2CF-1764-4C11-83ED-352812B0DDF1}.Release|Any CPU.Build.0 = Release|Any CPU
		{BBC98563-A726-4FC8-93C4-7B7206099F70}.Debug|Any CPU.ActiveCfg = Debug|Any CPU
		{BBC98563-A726-4FC8-93C4-7B7206099F70}.Debug|Any CPU.Build.0 = Debug|Any CPU
		{BBC98563-A726-4FC8-93C4-7B7206099F70}.Release|Any CPU.ActiveCfg = Release|Any CPU
		{BBC98563-A726-4FC8-93C4-7B7206099F70}.Release|Any CPU.Build.0 = Release|Any CPU
		{FDD5EAFE-A622-4B64-8371-D0F49944F4F4}.Debug|Any CPU.ActiveCfg = Debug|Any CPU
		{FDD5EAFE-A622-4B64-8371-D0F49944F4F4}.Debug|Any CPU.Build.0 = Debug|Any CPU
		{FDD5EAFE-A622-4B64-8371-D0F49944F4F4}.Release|Any CPU.ActiveCfg = Release|Any CPU
		{FDD5EAFE-A622-4B64-8371-D0F49944F4F4}.Release|Any CPU.Build.0 = Release|Any CPU
		{04FE9026-1917-4888-92DB-F0CA826435C3}.Debug|Any CPU.ActiveCfg = Debug|Any CPU
		{04FE9026-1917-4888-92DB-F0CA826435C3}.Debug|Any CPU.Build.0 = Debug|Any CPU
		{04FE9026-1917-4888-92DB-F0CA826435C3}.Release|Any CPU.ActiveCfg = Release|Any CPU
		{04FE9026-1917-4888-92DB-F0CA826435C3}.Release|Any CPU.Build.0 = Release|Any CPU
	EndGlobalSection
	GlobalSection(SolutionProperties) = preSolution
		HideSolutionNode = FALSE
	EndGlobalSection
	GlobalSection(NestedProjects) = preSolution
		{192E0D80-1253-4267-8116-3B7BC7176094} = {949A9CCB-AD47-498B-96FC-402486AEB5B3}
		{FCF4B681-B0AA-CD7A-3663-06F62256AB9D} = {02EA681E-C7D8-13C7-8484-4AC65E1B71E8}
		{21AB6A31-A029-7658-37B5-01ABAA7D64D4} = {02EA681E-C7D8-13C7-8484-4AC65E1B71E8}
		{8604A29C-F48C-6D78-5EB9-76E283CA84F6} = {02EA681E-C7D8-13C7-8484-4AC65E1B71E8}
		{28941209-7194-1EC5-14F0-BA10C37D8979} = {02EA681E-C7D8-13C7-8484-4AC65E1B71E8}
		{520E4C1F-9631-7289-6814-E150326623D2} = {02EA681E-C7D8-13C7-8484-4AC65E1B71E8}
		{8549F4E5-416F-4454-B13A-A85E68E866BC} = {949A9CCB-AD47-498B-96FC-402486AEB5B3}
		{6414E2CF-1764-4C11-83ED-352812B0DDF1} = {949A9CCB-AD47-498B-96FC-402486AEB5B3}
		{BBC98563-A726-4FC8-93C4-7B7206099F70} = {949A9CCB-AD47-498B-96FC-402486AEB5B3}
		{FDD5EAFE-A622-4B64-8371-D0F49944F4F4} = {00F96BA8-5930-417D-B640-51C6993189A3}
		{04FE9026-1917-4888-92DB-F0CA826435C3} = {B3C353BB-E8C5-49E6-B091-8A617CBD8D77}
	EndGlobalSection
	GlobalSection(ExtensibilityGlobals) = postSolution
		SolutionGuid = {CBE7B2DD-A6B5-474B-82F3-58DC52412240}
	EndGlobalSection
EndGlobal
